
Microsoft Visual Studio Solution File, Format Version 12.00
# Visual Studio Version 17
VisualStudioVersion = 17.12.35527.113 d17.12
MinimumVisualStudioVersion = 10.0.40219.1
Project("{FAE04EC0-301F-11D3-BF4B-00C04F79EFBC}") = "OrderService.Api", "OrderService.Api\OrderService.Api.csproj", "{8B1B4962-02FC-408C-8AC4-B8AC02BCA0FD}"
EndProject
Project("{2150E333-8FDC-42A3-9474-1A3956D46DE8}") = "OrderService", "OrderService", "{6607BB77-859F-432E-9A97-72CE909C2370}"
EndProject
Project("{FAE04EC0-301F-11D3-BF4B-00C04F79EFBC}") = "OrderService.Domain", "OrderService.Domain\OrderService.Domain.csproj", "{51DC2D45-7DCE-4A5B-9E37-DF3BB38A5028}"
EndProject
Project("{FAE04EC0-301F-11D3-BF4B-00C04F79EFBC}") = "OrderService.Infrastructure", "OrderService.Infrastructure\OrderService.Infrastructure.csproj", "{B7DD029B-44FF-42C1-AF9F-B778FD1D9044}"
EndProject
Project("{FAE04EC0-301F-11D3-BF4B-00C04F79EFBC}") = "OrderService.Application", "OrderService.Application\OrderService.Application.csproj", "{356D15F5-341E-477C-B101-35ED83A1F638}"
EndProject
Project("{2150E333-8FDC-42A3-9474-1A3956D46DE8}") = "PaymentService", "PaymentService", "{CABB5FD3-95B1-450D-87F4-FD93BA1B3313}"
EndProject
Project("{FAE04EC0-301F-11D3-BF4B-00C04F79EFBC}") = "PaymentService.Api", "PaymentService.Api\PaymentService.Api.csproj", "{8F938ADA-4A8E-425B-AC32-A85B855004FA}"
EndProject
Project("{FAE04EC0-301F-11D3-BF4B-00C04F79EFBC}") = "PaymentService.Application", "PaymentService.Application\PaymentService.Application.csproj", "{6E5ADCE8-5ABE-4514-94AA-E700A6CA4C39}"
EndProject
Project("{FAE04EC0-301F-11D3-BF4B-00C04F79EFBC}") = "PaymentService.Domain", "PaymentService.Domain\PaymentService.Domain.csproj", "{02BB5144-4133-4FAA-ACB7-5B7F9F793E52}"
EndProject
Project("{FAE04EC0-301F-11D3-BF4B-00C04F79EFBC}") = "PaymentService.Infrastructure", "PaymentService.Infrastructure\PaymentService.Infrastructure.csproj", "{0F345159-B966-4355-A893-33EFC6FD2480}"
EndProject
Project("{2150E333-8FDC-42A3-9474-1A3956D46DE8}") = "InventoryService", "InventoryService", "{9E6E2361-C338-4BFB-A827-0C239970B580}"
EndProject
Project("{2150E333-8FDC-42A3-9474-1A3956D46DE8}") = "NotificationService", "NotificationService", "{F75D7BFD-6176-45F4-B693-9F140AB41FFB}"
EndProject
Project("{FAE04EC0-301F-11D3-BF4B-00C04F79EFBC}") = "InventoryService.Api", "InventoryService.Api\InventoryService.Api.csproj", "{13E6030A-A305-4B6A-BAAD-429A3FA8233E}"
EndProject
Project("{FAE04EC0-301F-11D3-BF4B-00C04F79EFBC}") = "InventoryService.Domain", "InventoryService.Domain\InventoryService.Domain.csproj", "{256934B3-586F-4923-B560-904CB09327FF}"
EndProject
Project("{FAE04EC0-301F-11D3-BF4B-00C04F79EFBC}") = "InventoryService.Application", "InventoryService.Application\InventoryService.Application.csproj", "{317B8649-A16E-4E33-96C3-9BEAA254D0AC}"
EndProject
Project("{FAE04EC0-301F-11D3-BF4B-00C04F79EFBC}") = "InventoryService.Infrastructure", "InventoryService.Infrastructure\InventoryService.Infrastructure.csproj", "{E4468A49-69BD-43A2-BB20-DFA7D878588E}"
EndProject
Project("{FAE04EC0-301F-11D3-BF4B-00C04F79EFBC}") = "NotificationService.Api", "NotificationService.Api\NotificationService.Api.csproj", "{BEB21AD4-7160-40EF-AA84-ABC2EB4ADC50}"
EndProject
Project("{FAE04EC0-301F-11D3-BF4B-00C04F79EFBC}") = "NotificationService.Domain", "NotificationService.Domain\NotificationService.Domain.csproj", "{B6E8994F-6A8B-4C46-AB7D-E68C21DA749C}"
EndProject
Project("{FAE04EC0-301F-11D3-BF4B-00C04F79EFBC}") = "NotificationService.Application", "NotificationService.Application\NotificationService.Application.csproj", "{2DE7F666-6DD0-4272-8D49-5C07C4D5EF28}"
EndProject
Project("{FAE04EC0-301F-11D3-BF4B-00C04F79EFBC}") = "NotificationService.Infrastructure", "NotificationService.Infrastructure\NotificationService.Infrastructure.csproj", "{21061EE1-2CFB-425D-8586-2F66426ACB77}"
EndProject
Project("{2150E333-8FDC-42A3-9474-1A3956D46DE8}") = "SharedKernel", "SharedKernel", "{29098325-9A49-4761-8FF6-8330EB4B0A8C}"
EndProject
Project("{FAE04EC0-301F-11D3-BF4B-00C04F79EFBC}") = "SharedKernel.Domain", "SharedKernel.Domain\SharedKernel.Domain.csproj", "{749FEAFE-58E2-487C-9974-D625EEEB2F78}"
EndProject
Project("{FAE04EC0-301F-11D3-BF4B-00C04F79EFBC}") = "SharedKernel.Infrastructure", "SharedKernel.Infrastructure\SharedKernel.Infrastructure.csproj", "{79EBE197-774A-4136-B3DF-25808465A57E}"
EndProject
Project("{FAE04EC0-301F-11D3-BF4B-00C04F79EFBC}") = "SharedKernel.Application", "SharedKernel.Application\SharedKernel.Application.csproj", "{BBBEBE1D-74EF-470C-9074-A953F67BE273}"
EndProject
Project("{2150E333-8FDC-42A3-9474-1A3956D46DE8}") = "ApiGateway", "ApiGateway", "{E7643846-951F-48D0-A049-B0E10B2FE9E1}"
EndProject
Project("{FAE04EC0-301F-11D3-BF4B-00C04F79EFBC}") = "ApiGateway.Api", "ApiGateway.Api\ApiGateway.Api.csproj", "{EA0B42DF-C24D-4E94-BD3E-0FA3F65C3271}"
EndProject
Project("{FAE04EC0-301F-11D3-BF4B-00C04F79EFBC}") = "ApiGateway.Configuration", "ApiGateway.Configuration\ApiGateway.Configuration.csproj", "{F56DC76A-271A-4147-A900-BDEBA06CC46A}"
EndProject
Global
	GlobalSection(SolutionConfigurationPlatforms) = preSolution
		Debug|Any CPU = Debug|Any CPU
		Release|Any CPU = Release|Any CPU
	EndGlobalSection
	GlobalSection(ProjectConfigurationPlatforms) = postSolution
		{8B1B4962-02FC-408C-8AC4-B8AC02BCA0FD}.Debug|Any CPU.ActiveCfg = Debug|Any CPU
		{8B1B4962-02FC-408C-8AC4-B8AC02BCA0FD}.Debug|Any CPU.Build.0 = Debug|Any CPU
		{8B1B4962-02FC-408C-8AC4-B8AC02BCA0FD}.Release|Any CPU.ActiveCfg = Release|Any CPU
		{8B1B4962-02FC-408C-8AC4-B8AC02BCA0FD}.Release|Any CPU.Build.0 = Release|Any CPU
		{51DC2D45-7DCE-4A5B-9E37-DF3BB38A5028}.Debug|Any CPU.ActiveCfg = Debug|Any CPU
		{51DC2D45-7DCE-4A5B-9E37-DF3BB38A5028}.Debug|Any CPU.Build.0 = Debug|Any CPU
		{51DC2D45-7DCE-4A5B-9E37-DF3BB38A5028}.Release|Any CPU.ActiveCfg = Release|Any CPU
		{51DC2D45-7DCE-4A5B-9E37-DF3BB38A5028}.Release|Any CPU.Build.0 = Release|Any CPU
		{B7DD029B-44FF-42C1-AF9F-B778FD1D9044}.Debug|Any CPU.ActiveCfg = Debug|Any CPU
		{B7DD029B-44FF-42C1-AF9F-B778FD1D9044}.Debug|Any CPU.Build.0 = Debug|Any CPU
		{B7DD029B-44FF-42C1-AF9F-B778FD1D9044}.Release|Any CPU.ActiveCfg = Release|Any CPU
		{B7DD029B-44FF-42C1-AF9F-B778FD1D9044}.Release|Any CPU.Build.0 = Release|Any CPU
		{356D15F5-341E-477C-B101-35ED83A1F638}.Debug|Any CPU.ActiveCfg = Debug|Any CPU
		{356D15F5-341E-477C-B101-35ED83A1F638}.Debug|Any CPU.Build.0 = Debug|Any CPU
		{356D15F5-341E-477C-B101-35ED83A1F638}.Release|Any CPU.ActiveCfg = Release|Any CPU
		{356D15F5-341E-477C-B101-35ED83A1F638}.Release|Any CPU.Build.0 = Release|Any CPU
		{8F938ADA-4A8E-425B-AC32-A85B855004FA}.Debug|Any CPU.ActiveCfg = Debug|Any CPU
		{8F938ADA-4A8E-425B-AC32-A85B855004FA}.Debug|Any CPU.Build.0 = Debug|Any CPU
		{8F938ADA-4A8E-425B-AC32-A85B855004FA}.Release|Any CPU.ActiveCfg = Release|Any CPU
		{8F938ADA-4A8E-425B-AC32-A85B855004FA}.Release|Any CPU.Build.0 = Release|Any CPU
		{6E5ADCE8-5ABE-4514-94AA-E700A6CA4C39}.Debug|Any CPU.ActiveCfg = Debug|Any CPU
		{6E5ADCE8-5ABE-4514-94AA-E700A6CA4C39}.Debug|Any CPU.Build.0 = Debug|Any CPU
		{6E5ADCE8-5ABE-4514-94AA-E700A6CA4C39}.Release|Any CPU.ActiveCfg = Release|Any CPU
		{6E5ADCE8-5ABE-4514-94AA-E700A6CA4C39}.Release|Any CPU.Build.0 = Release|Any CPU
		{02BB5144-4133-4FAA-ACB7-5B7F9F793E52}.Debug|Any CPU.ActiveCfg = Debug|Any CPU
		{02BB5144-4133-4FAA-ACB7-5B7F9F793E52}.Debug|Any CPU.Build.0 = Debug|Any CPU
		{02BB5144-4133-4FAA-ACB7-5B7F9F793E52}.Release|Any CPU.ActiveCfg = Release|Any CPU
		{02BB5144-4133-4FAA-ACB7-5B7F9F793E52}.Release|Any CPU.Build.0 = Release|Any CPU
		{0F345159-B966-4355-A893-33EFC6FD2480}.Debug|Any CPU.ActiveCfg = Debug|Any CPU
		{0F345159-B966-4355-A893-33EFC6FD2480}.Debug|Any CPU.Build.0 = Debug|Any CPU
		{0F345159-B966-4355-A893-33EFC6FD2480}.Release|Any CPU.ActiveCfg = Release|Any CPU
		{0F345159-B966-4355-A893-33EFC6FD2480}.Release|Any CPU.Build.0 = Release|Any CPU
		{13E6030A-A305-4B6A-BAAD-429A3FA8233E}.Debug|Any CPU.ActiveCfg = Debug|Any CPU
		{13E6030A-A305-4B6A-BAAD-429A3FA8233E}.Debug|Any CPU.Build.0 = Debug|Any CPU
		{13E6030A-A305-4B6A-BAAD-429A3FA8233E}.Release|Any CPU.ActiveCfg = Release|Any CPU
		{13E6030A-A305-4B6A-BAAD-429A3FA8233E}.Release|Any CPU.Build.0 = Release|Any CPU
		{256934B3-586F-4923-B560-904CB09327FF}.Debug|Any CPU.ActiveCfg = Debug|Any CPU
		{256934B3-586F-4923-B560-904CB09327FF}.Debug|Any CPU.Build.0 = Debug|Any CPU
		{256934B3-586F-4923-B560-904CB09327FF}.Release|Any CPU.ActiveCfg = Release|Any CPU
		{256934B3-586F-4923-B560-904CB09327FF}.Release|Any CPU.Build.0 = Release|Any CPU
		{317B8649-A16E-4E33-96C3-9BEAA254D0AC}.Debug|Any CPU.ActiveCfg = Debug|Any CPU
		{317B8649-A16E-4E33-96C3-9BEAA254D0AC}.Debug|Any CPU.Build.0 = Debug|Any CPU
		{317B8649-A16E-4E33-96C3-9BEAA254D0AC}.Release|Any CPU.ActiveCfg = Release|Any CPU
		{317B8649-A16E-4E33-96C3-9BEAA254D0AC}.Release|Any CPU.Build.0 = Release|Any CPU
		{E4468A49-69BD-43A2-BB20-DFA7D878588E}.Debug|Any CPU.ActiveCfg = Debug|Any CPU
		{E4468A49-69BD-43A2-BB20-DFA7D878588E}.Debug|Any CPU.Build.0 = Debug|Any CPU
		{E4468A49-69BD-43A2-BB20-DFA7D878588E}.Release|Any CPU.ActiveCfg = Release|Any CPU
		{E4468A49-69BD-43A2-BB20-DFA7D878588E}.Release|Any CPU.Build.0 = Release|Any CPU
		{BEB21AD4-7160-40EF-AA84-ABC2EB4ADC50}.Debug|Any CPU.ActiveCfg = Debug|Any CPU
		{BEB21AD4-7160-40EF-AA84-ABC2EB4ADC50}.Debug|Any CPU.Build.0 = Debug|Any CPU
		{BEB21AD4-7160-40EF-AA84-ABC2EB4ADC50}.Release|Any CPU.ActiveCfg = Release|Any CPU
		{BEB21AD4-7160-40EF-AA84-ABC2EB4ADC50}.Release|Any CPU.Build.0 = Release|Any CPU
		{B6E8994F-6A8B-4C46-AB7D-E68C21DA749C}.Debug|Any CPU.ActiveCfg = Debug|Any CPU
		{B6E8994F-6A8B-4C46-AB7D-E68C21DA749C}.Debug|Any CPU.Build.0 = Debug|Any CPU
		{B6E8994F-6A8B-4C46-AB7D-E68C21DA749C}.Release|Any CPU.ActiveCfg = Release|Any CPU
		{B6E8994F-6A8B-4C46-AB7D-E68C21DA749C}.Release|Any CPU.Build.0 = Release|Any CPU
		{2DE7F666-6DD0-4272-8D49-5C07C4D5EF28}.Debug|Any CPU.ActiveCfg = Debug|Any CPU
		{2DE7F666-6DD0-4272-8D49-5C07C4D5EF28}.Debug|Any CPU.Build.0 = Debug|Any CPU
		{2DE7F666-6DD0-4272-8D49-5C07C4D5EF28}.Release|Any CPU.ActiveCfg = Release|Any CPU
		{2DE7F666-6DD0-4272-8D49-5C07C4D5EF28}.Release|Any CPU.Build.0 = Release|Any CPU
		{21061EE1-2CFB-425D-8586-2F66426ACB77}.Debug|Any CPU.ActiveCfg = Debug|Any CPU
		{21061EE1-2CFB-425D-8586-2F66426ACB77}.Debug|Any CPU.Build.0 = Debug|Any CPU
		{21061EE1-2CFB-425D-8586-2F66426ACB77}.Release|Any CPU.ActiveCfg = Release|Any CPU
		{21061EE1-2CFB-425D-8586-2F66426ACB77}.Release|Any CPU.Build.0 = Release|Any CPU
		{749FEAFE-58E2-487C-9974-D625EEEB2F78}.Debug|Any CPU.ActiveCfg = Debug|Any CPU
		{749FEAFE-58E2-487C-9974-D625EEEB2F78}.Debug|Any CPU.Build.0 = Debug|Any CPU
		{749FEAFE-58E2-487C-9974-D625EEEB2F78}.Release|Any CPU.ActiveCfg = Release|Any CPU
		{749FEAFE-58E2-487C-9974-D625EEEB2F78}.Release|Any CPU.Build.0 = Release|Any CPU
		{79EBE197-774A-4136-B3DF-25808465A57E}.Debug|Any CPU.ActiveCfg = Debug|Any CPU
		{79EBE197-774A-4136-B3DF-25808465A57E}.Debug|Any CPU.Build.0 = Debug|Any CPU
		{79EBE197-774A-4136-B3DF-25808465A57E}.Release|Any CPU.ActiveCfg = Release|Any CPU
		{79EBE197-774A-4136-B3DF-25808465A57E}.Release|Any CPU.Build.0 = Release|Any CPU
		{BBBEBE1D-74EF-470C-9074-A953F67BE273}.Debug|Any CPU.ActiveCfg = Debug|Any CPU
		{BBBEBE1D-74EF-470C-9074-A953F67BE273}.Debug|Any CPU.Build.0 = Debug|Any CPU
		{BBBEBE1D-74EF-470C-9074-A953F67BE273}.Release|Any CPU.ActiveCfg = Release|Any CPU
		{BBBEBE1D-74EF-470C-9074-A953F67BE273}.Release|Any CPU.Build.0 = Release|Any CPU
		{EA0B42DF-C24D-4E94-BD3E-0FA3F65C3271}.Debug|Any CPU.ActiveCfg = Debug|Any CPU
		{EA0B42DF-C24D-4E94-BD3E-0FA3F65C3271}.Debug|Any CPU.Build.0 = Debug|Any CPU
		{EA0B42DF-C24D-4E94-BD3E-0FA3F65C3271}.Release|Any CPU.ActiveCfg = Release|Any CPU
		{EA0B42DF-C24D-4E94-BD3E-0FA3F65C3271}.Release|Any CPU.Build.0 = Release|Any CPU
		{F56DC76A-271A-4147-A900-BDEBA06CC46A}.Debug|Any CPU.ActiveCfg = Debug|Any CPU
		{F56DC76A-271A-4147-A900-BDEBA06CC46A}.Debug|Any CPU.Build.0 = Debug|Any CPU
		{F56DC76A-271A-4147-A900-BDEBA06CC46A}.Release|Any CPU.ActiveCfg = Release|Any CPU
		{F56DC76A-271A-4147-A900-BDEBA06CC46A}.Release|Any CPU.Build.0 = Release|Any CPU
	EndGlobalSection
	GlobalSection(SolutionProperties) = preSolution
		HideSolutionNode = FALSE
	EndGlobalSection
	GlobalSection(NestedProjects) = preSolution
		{8B1B4962-02FC-408C-8AC4-B8AC02BCA0FD} = {6607BB77-859F-432E-9A97-72CE909C2370}
		{51DC2D45-7DCE-4A5B-9E37-DF3BB38A5028} = {6607BB77-859F-432E-9A97-72CE909C2370}
		{B7DD029B-44FF-42C1-AF9F-B778FD1D9044} = {6607BB77-859F-432E-9A97-72CE909C2370}
		{356D15F5-341E-477C-B101-35ED83A1F638} = {6607BB77-859F-432E-9A97-72CE909C2370}
		{8F938ADA-4A8E-425B-AC32-A85B855004FA} = {CABB5FD3-95B1-450D-87F4-FD93BA1B3313}
		{6E5ADCE8-5ABE-4514-94AA-E700A6CA4C39} = {CABB5FD3-95B1-450D-87F4-FD93BA1B3313}
		{02BB5144-4133-4FAA-ACB7-5B7F9F793E52} = {CABB5FD3-95B1-450D-87F4-FD93BA1B3313}
		{0F345159-B966-4355-A893-33EFC6FD2480} = {CABB5FD3-95B1-450D-87F4-FD93BA1B3313}
		{13E6030A-A305-4B6A-BAAD-429A3FA8233E} = {9E6E2361-C338-4BFB-A827-0C239970B580}
		{256934B3-586F-4923-B560-904CB09327FF} = {9E6E2361-C338-4BFB-A827-0C239970B580}
		{317B8649-A16E-4E33-96C3-9BEAA254D0AC} = {9E6E2361-C338-4BFB-A827-0C239970B580}
		{E4468A49-69BD-43A2-BB20-DFA7D878588E} = {9E6E2361-C338-4BFB-A827-0C239970B580}
		{BEB21AD4-7160-40EF-AA84-ABC2EB4ADC50} = {F75D7BFD-6176-45F4-B693-9F140AB41FFB}
		{B6E8994F-6A8B-4C46-AB7D-E68C21DA749C} = {F75D7BFD-6176-45F4-B693-9F140AB41FFB}
		{2DE7F666-6DD0-4272-8D49-5C07C4D5EF28} = {F75D7BFD-6176-45F4-B693-9F140AB41FFB}
		{21061EE1-2CFB-425D-8586-2F66426ACB77} = {F75D7BFD-6176-45F4-B693-9F140AB41FFB}
		{749FEAFE-58E2-487C-9974-D625EEEB2F78} = {29098325-9A49-4761-8FF6-8330EB4B0A8C}
		{79EBE197-774A-4136-B3DF-25808465A57E} = {29098325-9A49-4761-8FF6-8330EB4B0A8C}
		{BBBEBE1D-74EF-470C-9074-A953F67BE273} = {29098325-9A49-4761-8FF6-8330EB4B0A8C}
		{EA0B42DF-C24D-4E94-BD3E-0FA3F65C3271} = {E7643846-951F-48D0-A049-B0E10B2FE9E1}
		{F56DC76A-271A-4147-A900-BDEBA06CC46A} = {E7643846-951F-48D0-A049-B0E10B2FE9E1}
	EndGlobalSection
EndGlobal
